
Microsoft Visual Studio Solution File, Format Version 12.00
# Visual Studio Version 17
VisualStudioVersion = 17.13.35825.156 d17.13
MinimumVisualStudioVersion = 10.0.40219.1
Project("{FAE04EC0-301F-11D3-BF4B-00C04F79EFBC}") = "HomsV2", "HomsV2\HomsV2.csproj", "{37D83589-64DF-4623-894D-291C012FBD40}"
EndProject
Global
	GlobalSection(SolutionConfigurationPlatforms) = preSolution
		Debug|Any CPU = Debug|Any CPU
		Release|Any CPU = Release|Any CPU
	EndGlobalSection
	GlobalSection(ProjectConfigurationPlatforms) = postSolution
		{37D83589-64DF-4623-894D-291C012FBD40}.Debug|Any CPU.ActiveCfg = Debug|Any CPU
		{37D83589-64DF-4623-894D-291C012FBD40}.Debug|Any CPU.Build.0 = Debug|Any CPU
		{37D83589-64DF-4623-894D-291C012FBD40}.Release|Any CPU.ActiveCfg = Release|Any CPU
		{37D83589-64DF-4623-894D-291C012FBD40}.Release|Any CPU.Build.0 = Release|Any CPU
	EndGlobalSection
	GlobalSection(SolutionProperties) = preSolution
		HideSolutionNode = FALSE
	EndGlobalSection
	GlobalSection(ExtensibilityGlobals) = postSolution
		SolutionGuid = {2091E8E3-C2C5-49B3-8CC1-5C09FC9DD0C1}
	EndGlobalSection
EndGlobal
